
Microsoft Visual Studio Solution File, Format Version 12.00
# Visual Studio Version 17
VisualStudioVersion = 17.3.32901.215
MinimumVisualStudioVersion = 10.0.40219.1
Project("{9A19103F-16F7-4668-BE54-9A1E7A4F7556}") = "Jatan", "Jatan\Jatan.csproj", "{D27FB785-CC87-4936-9746-892DD7916EA2}"
EndProject
Project("{9A19103F-16F7-4668-BE54-9A1E7A4F7556}") = "Jatan.UnitTest", "Jatan.UnitTest\Jatan.UnitTest.csproj", "{C1CB00B9-ACD1-42CB-8084-068966D39FA9}"
EndProject
Project("{2150E333-8FDC-42A3-9474-1A3956D46DE8}") = "Images", "Images", "{1590B0A7-8B0D-4AF4-BE86-E19C2DA0F415}"
	ProjectSection(SolutionItems) = preProject
		Images\jatan-logo.psd = Images\jatan-logo.psd
		Images\jatanlogo-full-black.png = Images\jatanlogo-full-black.png
		Images\jatanlogo-full-transparent.png = Images\jatanlogo-full-transparent.png
		Images\jatanlogo-full-white.png = Images\jatanlogo-full-white.png
		Images\jatanlogo-sun-black.png = Images\jatanlogo-sun-black.png
		Images\jatanlogo-sun-transparent.png = Images\jatanlogo-sun-transparent.png
		Images\jatanlogo-sun-white.png = Images\jatanlogo-sun-white.png
	EndProjectSection
EndProject
Project("{FAE04EC0-301F-11D3-BF4B-00C04F79EFBC}") = "TestUI", "TestUI\TestUI.csproj", "{70B8825B-6810-46F1-BB1A-1A680B517F90}"
EndProject
Project("{9A19103F-16F7-4668-BE54-9A1E7A4F7556}") = "JatanWebApp", "JatanWebApp\JatanWebApp.csproj", "{9428ED76-43AC-4BC6-9D66-E321C22F6516}"
EndProject
Global
	GlobalSection(SolutionConfigurationPlatforms) = preSolution
		Debug|Any CPU = Debug|Any CPU
		Release - beta|Any CPU = Release - beta|Any CPU
		Release|Any CPU = Release|Any CPU
	EndGlobalSection
	GlobalSection(ProjectConfigurationPlatforms) = postSolution
		{D27FB785-CC87-4936-9746-892DD7916EA2}.Debug|Any CPU.ActiveCfg = Debug|Any CPU
		{D27FB785-CC87-4936-9746-892DD7916EA2}.Debug|Any CPU.Build.0 = Debug|Any CPU
		{D27FB785-CC87-4936-9746-892DD7916EA2}.Release - beta|Any CPU.ActiveCfg = Release|Any CPU
		{D27FB785-CC87-4936-9746-892DD7916EA2}.Release - beta|Any CPU.Build.0 = Release|Any CPU
		{D27FB785-CC87-4936-9746-892DD7916EA2}.Release|Any CPU.ActiveCfg = Release|Any CPU
		{D27FB785-CC87-4936-9746-892DD7916EA2}.Release|Any CPU.Build.0 = Release|Any CPU
		{C1CB00B9-ACD1-42CB-8084-068966D39FA9}.Debug|Any CPU.ActiveCfg = Debug|Any CPU
		{C1CB00B9-ACD1-42CB-8084-068966D39FA9}.Debug|Any CPU.Build.0 = Debug|Any CPU
		{C1CB00B9-ACD1-42CB-8084-068966D39FA9}.Release - beta|Any CPU.ActiveCfg = Release|Any CPU
		{C1CB00B9-ACD1-42CB-8084-068966D39FA9}.Release - beta|Any CPU.Build.0 = Release|Any CPU
		{C1CB00B9-ACD1-42CB-8084-068966D39FA9}.Release|Any CPU.ActiveCfg = Release|Any CPU
		{C1CB00B9-ACD1-42CB-8084-068966D39FA9}.Release|Any CPU.Build.0 = Release|Any CPU
		{70B8825B-6810-46F1-BB1A-1A680B517F90}.Debug|Any CPU.ActiveCfg = Debug|Any CPU
		{70B8825B-6810-46F1-BB1A-1A680B517F90}.Debug|Any CPU.Build.0 = Debug|Any CPU
		{70B8825B-6810-46F1-BB1A-1A680B517F90}.Release - beta|Any CPU.ActiveCfg = Release|Any CPU
		{70B8825B-6810-46F1-BB1A-1A680B517F90}.Release - beta|Any CPU.Build.0 = Release|Any CPU
		{70B8825B-6810-46F1-BB1A-1A680B517F90}.Release|Any CPU.ActiveCfg = Release|Any CPU
		{70B8825B-6810-46F1-BB1A-1A680B517F90}.Release|Any CPU.Build.0 = Release|Any CPU
		{9428ED76-43AC-4BC6-9D66-E321C22F6516}.Debug|Any CPU.ActiveCfg = Debug|Any CPU
		{9428ED76-43AC-4BC6-9D66-E321C22F6516}.Debug|Any CPU.Build.0 = Debug|Any CPU
		{9428ED76-43AC-4BC6-9D66-E321C22F6516}.Release - beta|Any CPU.ActiveCfg = Release - beta|Any CPU
		{9428ED76-43AC-4BC6-9D66-E321C22F6516}.Release - beta|Any CPU.Build.0 = Release - beta|Any CPU
		{9428ED76-43AC-4BC6-9D66-E321C22F6516}.Release|Any CPU.ActiveCfg = Release|Any CPU
		{9428ED76-43AC-4BC6-9D66-E321C22F6516}.Release|Any CPU.Build.0 = Release|Any CPU
	EndGlobalSection
	GlobalSection(SolutionProperties) = preSolution
		HideSolutionNode = FALSE
	EndGlobalSection
	GlobalSection(ExtensibilityGlobals) = postSolution
		SolutionGuid = {CF387450-237E-4C9B-A73B-C7DE9362B021}
	EndGlobalSection
EndGlobal
